
Microsoft Visual Studio Solution File, Format Version 12.00
# Visual Studio Version 16
VisualStudioVersion = 16.0.32106.194
MinimumVisualStudioVersion = 10.0.40219.1
Project("{FAE04EC0-301F-11D3-BF4B-00C04F79EFBC}") = "DataBaseUniPro", "DataBaseUniPro\DataBaseUniPro.csproj", "{934079E2-187D-43A8-8DF9-F143F978D0F4}"
EndProject
Global
	GlobalSection(SolutionConfigurationPlatforms) = preSolution
		Debug|Any CPU = Debug|Any CPU
		Release|Any CPU = Release|Any CPU
	EndGlobalSection
	GlobalSection(ProjectConfigurationPlatforms) = postSolution
		{934079E2-187D-43A8-8DF9-F143F978D0F4}.Debug|Any CPU.ActiveCfg = Debug|Any CPU
		{934079E2-187D-43A8-8DF9-F143F978D0F4}.Debug|Any CPU.Build.0 = Debug|Any CPU
		{934079E2-187D-43A8-8DF9-F143F978D0F4}.Release|Any CPU.ActiveCfg = Release|Any CPU
		{934079E2-187D-43A8-8DF9-F143F978D0F4}.Release|Any CPU.Build.0 = Release|Any CPU
	EndGlobalSection
	GlobalSection(SolutionProperties) = preSolution
		HideSolutionNode = FALSE
	EndGlobalSection
	GlobalSection(ExtensibilityGlobals) = postSolution
		SolutionGuid = {6555E5EB-5DD7-4AE4-ABF6-2F98261E126F}
	EndGlobalSection
EndGlobal
